{
  "version": 4,
  "terraform_version": "1.7.5",
  "serial": 9,
  "lineage": "2320560f-b436-f435-5a58-bef94a3b312b",
  "outputs": {},
  "resources": [
    {
      "mode": "managed",
      "type": "civo_instance",
      "name": "test_instance",
      "provider": "provider[\"registry.terraform.io/civo/civo\"]",
      "instances": [
        {
          "schema_version": 0,
          "attributes": {
            "cpu_cores": 1,
            "created_at": "2024-04-02 14:20:45 +0000 UTC",
            "disk_gb": 25,
            "disk_image": "ubuntu-jammy",
            "firewall_id": "e95d5dd6-6c2f-4ed6-8757-d1915f668dac",
            "hostname": "test-instance",
            "id": "afac08c1-a5cd-44e7-8c8e-d2e04134b0a2",
            "initial_password": "JsUlfp@afd",
            "initial_user": "civo",
            "network_id": "0b3039f7-a7b5-47c5-a3d9-8c1148ea3966",
            "notes": "",
            "private_ip": "192.168.1.5",
            "public_ip": "74.220.16.246",
            "public_ip_required": "create",
            "ram_mb": 1024,
            "region": "LON1",
            "reverse_dns": "",
            "script": "",
            "size": "g3.xsmall",
            "source_id": "ubuntu-jammy",
            "source_type": "diskimage",
            "sshkey_id": "",
            "status": "ACTIVE",
            "tags": [],
            "template": null,
            "timeouts": null
          },
          "sensitive_attributes": [],
          "private": "eyJlMmJmYjczMC1lY2FhLTExZTYtOGY4OC0zNDM2M2JjN2M0YzAiOnsiY3JlYXRlIjoxODAwMDAwMDAwMDAwfX0="
        }
      ]
    },
    {
      "mode": "managed",
      "type": "null_resource",
      "name": "install_nginx",
      "provider": "provider[\"registry.terraform.io/hashicorp/null\"]",
      "instances": [
        {
          "status": "tainted",
          "schema_version": 0,
          "attributes": {
            "id": "7868084674758240895",
            "triggers": null
          },
          "sensitive_attributes": [],
          "dependencies": [
            "civo_instance.test_instance"
          ]
        }
      ]
    }
  ],
  "check_results": null
}
